
Microsoft Visual Studio Solution File, Format Version 12.00
Project("{FAE04EC0-301F-11D3-BF4B-00C04F79EFBC}") = "SmartChoice", "SmartChoice\SmartChoice.csproj", "{EC0D0170-F41C-4F90-9B7E-3E19830CF361}"
EndProject
Global
	GlobalSection(SolutionConfigurationPlatforms) = preSolution
		Debug|Any CPU = Debug|Any CPU
		Release|Any CPU = Release|Any CPU
	EndGlobalSection
	GlobalSection(ProjectConfigurationPlatforms) = postSolution
		{EC0D0170-F41C-4F90-9B7E-3E19830CF361}.Debug|Any CPU.ActiveCfg = Debug|Any CPU
		{EC0D0170-F41C-4F90-9B7E-3E19830CF361}.Debug|Any CPU.Build.0 = Debug|Any CPU
		{EC0D0170-F41C-4F90-9B7E-3E19830CF361}.Release|Any CPU.ActiveCfg = Release|Any CPU
		{EC0D0170-F41C-4F90-9B7E-3E19830CF361}.Release|Any CPU.Build.0 = Release|Any CPU
	EndGlobalSection
EndGlobal
